<?xml version="1.0" encoding="utf-8"?>
<Project ToolsVersion="4.0" xmlns="http://schemas.microsoft.com/developer/msbuild/2003">
  <ItemGroup>
    <FxCompile Include="Data\Shader\PMX\Pixel.hlsl" />
    <FxCompile Include="Data\Shader\PMX\Vertex.hlsl" />
    <FxCompile Include="Data\Shader\Wire\WireVS.hlsl" />
    <FxCompile Include="Data\Shader\Wire\WirePS.hlsl" />
  </ItemGroup>
  <ItemGroup>
    <ClCompile Include="SourceCode\Game\00_Scene\00_Base\SceneBase.cpp" />
    <ClCompile Include="SourceCode\Game\00_Scene\01_Title\Title.cpp" />
    <ClCompile Include="SourceCode\Game\00_Scene\02_GameMain\GameMain.cpp" />
    <ClCompile Include="SourceCode\Game\00_Scene\03_GameOver\GameOver.cpp" />
    <ClCompile Include="SourceCode\Game\00_Scene\04_Ending\Ending.cpp" />
    <ClCompile Include="SourceCode\Game\00_Scene\Ex_Test\00_mattya3713\MattyaTestScene.cpp" />
    <ClCompile Include="SourceCode\Game\00_Scene\Ex_Test\01_memeu1101\MemeuTestScene.cpp" />
    <ClCompile Include="SourceCode\Game\00_Scene\Ex_Test\02_L\LTestScene.cpp" />
    <ClCompile Include="SourceCode\Game\01_GameObject\00_MeshObject\00_Character\00_Ground\Ground.cpp" />
    <ClCompile Include="SourceCode\Game\01_GameObject\00_MeshObject\00_Character\01_Player\State\Root\00_System\00_Pause\Pause.cpp" />
    <ClCompile Include="SourceCode\Game\01_GameObject\00_MeshObject\00_Character\01_Player\State\Root\00_System\01_KnockBack\KnockBack.cpp" />
    <ClCompile Include="SourceCode\Game\01_GameObject\00_MeshObject\00_Character\01_Player\State\Root\00_System\02_Dead\Dead.cpp" />
    <ClCompile Include="SourceCode\Game\01_GameObject\00_MeshObject\00_Character\01_Player\State\Root\00_System\System.cpp" />
    <ClCompile Include="SourceCode\Game\01_GameObject\00_MeshObject\00_Character\01_Player\State\Root\00_System\03_SpecialAttack\SpecialAttack.cpp" />
    <ClCompile Include="SourceCode\Game\01_GameObject\00_MeshObject\00_Character\01_Player\State\Root\Root.cpp" />
    <ClCompile Include="SourceCode\Game\01_GameObject\00_MeshObject\00_Character\01_Player\Player.cpp" />
    <ClCompile Include="SourceCode\Game\01_GameObject\00_MeshObject\00_Character\01_Player\State\PlayerStateBase.cpp" />
    <ClCompile Include="SourceCode\Game\01_GameObject\00_MeshObject\00_Character\02_Boss\Boss.cpp" />
    <ClCompile Include="SourceCode\Game\01_GameObject\00_MeshObject\00_Character\02_Boss\BossAttackStateBase\BossAttackStateBase.cpp" />
    <ClCompile Include="SourceCode\Game\01_GameObject\00_MeshObject\00_Character\02_Boss\BossAttackStateBase\BossChargeSlashState\BossChargeSlashState.cpp" />
    <ClCompile Include="SourceCode\Game\01_GameObject\00_MeshObject\00_Character\02_Boss\BossAttackStateBase\BossShoutState\BossShoutState.cpp" />
    <ClCompile Include="SourceCode\Game\01_GameObject\00_MeshObject\00_Character\02_Boss\BossAttackStateBase\BossSlashState\BossSlashState.cpp" />
    <ClCompile Include="SourceCode\Game\01_GameObject\00_MeshObject\00_Character\02_Boss\BossAttackStateBase\BossSpecialState\BossSpecialState.cpp" />
    <ClCompile Include="SourceCode\Game\01_GameObject\00_MeshObject\00_Character\02_Boss\BossAttackStateBase\BossStompState\BossStompState.cpp" />
    <ClCompile Include="SourceCode\Game\01_GameObject\00_MeshObject\00_Character\02_Boss\BossIdolState\BossIdolState.cpp" />
    <ClCompile Include="SourceCode\Game\01_GameObject\00_MeshObject\00_Character\02_Boss\BossMoveState\BossMoveState.cpp" />
    <ClCompile Include="SourceCode\Game\01_GameObject\00_MeshObject\00_Character\Character.cpp" />
    <ClCompile Include="SourceCode\Game\01_GameObject\00_MeshObject\MeshObject.cpp" />
    <ClCompile Include="SourceCode\Game\01_GameObject\01_SpriteObject\CSpriteObject.cpp" />
    <ClCompile Include="SourceCode\Game\01_GameObject\02_UIObject\Fade\Fade.cpp" />
    <ClCompile Include="SourceCode\Game\01_GameObject\02_UIObject\Fade\FadeManager.cpp" />
    <ClCompile Include="SourceCode\Game\01_GameObject\02_UIObject\UIObject.cpp" />
    <ClCompile Include="SourceCode\Game\01_GameObject\02_UIObject\UIObjectManager.cpp" />
    <ClCompile Include="SourceCode\Game\01_GameObject\GameObject.cpp" />
    <ClCompile Include="SourceCode\Game\02_Camera\CameraBase.cpp" />
    <ClCompile Include="SourceCode\System\Singleton\CameraManager\CameraManager.cpp" />
    <ClCompile Include="SourceCode\Game\02_Camera\ThirdPersonCamera\ThirdPersonCamera.cpp" />
    <ClCompile Include="SourceCode\Game\03_Collision\00_Core\00_Box\BoxCollider.cpp" />
    <ClCompile Include="SourceCode\Game\03_Collision\00_Core\01_Capsule\CapsuleCollider.cpp" />
    <ClCompile Include="SourceCode\Game\03_Collision\00_Core\ColliderBase.cpp" />
    <ClCompile Include="SourceCode\Game\03_Collision\00_Core\02_Sphere\SphereCollider.cpp" />
    <ClCompile Include="SourceCode\Game\04_Time\Time.cpp" />
    <ClCompile Include="SourceCode\Game\05_InputDevice\Input.cpp" />
    <ClCompile Include="SourceCode\Game\05_InputDevice\KeyInput\KeyInput.cpp" />
    <ClCompile Include="SourceCode\Game\05_InputDevice\Mouse\Mouse.cpp" />
    <ClCompile Include="SourceCode\Game\05_InputDevice\XInput\XInput.cpp" />
    <ClCompile Include="SourceCode\Graphic\DepthStencilView\DepthStencilView.cpp" />
    <ClCompile Include="SourceCode\Graphic\DirectX\DirectX11\DirectX11.cpp" />
    <ClCompile Include="SourceCode\Graphic\DirectX\DirectX12\DirectX12.cpp" />
    <ClCompile Include="SourceCode\Graphic\DirectX\DirectX9\DirectX9.cpp" />
    <ClCompile Include="SourceCode\Graphic\Light\DirectionLight\DirectionLight.cpp" />
    <ClCompile Include="SourceCode\Graphic\Light\LightManager.cpp" />
    <ClCompile Include="SourceCode\Graphic\RenderTargetView\RenderTargetView.cpp" />
    <ClCompile Include="SourceCode\Graphic\RenderTarget\RenderTarget.cpp" />
    <ClCompile Include="SourceCode\Graphic\RenderTarget\RenderTargetManager.cpp" />
    <ClCompile Include="SourceCode\Graphic\ShaderResourceView\ShaderResourceView.cpp" />
    <ClCompile Include="SourceCode\Graphic\Shader\Base\PixelShaderBase.cpp" />
    <ClCompile Include="SourceCode\Graphic\Shader\Base\ShaderBase.cpp" />
    <ClCompile Include="SourceCode\Graphic\Shader\Base\VertexShaderBase.cpp" />
    <ClCompile Include="SourceCode\Graphic\Shader\ShaderResource.cpp" />
    <ClCompile Include="SourceCode\Graphic\Shader\ShadowMapSkinMesh\VSShadowMapSkinMesh.cpp" />
    <ClCompile Include="SourceCode\Graphic\Shader\ShadowMapStaticMesh\VSShadowMapStaticMesh.cpp" />
    <ClCompile Include="SourceCode\Graphic\Shadow\Shadow.cpp" />
    <ClCompile Include="SourceCode\Graphic\Texture\Texture.cpp" />
    <ClCompile Include="SourceCode\Resource\Mesh\00_Sprite\Sprite3D\Sprite3D.cpp" />
    <ClCompile Include="SourceCode\Resource\Mesh\00_Sprite\UISprite\UISprite.cpp" />
    <ClCompile Include="SourceCode\Resource\Mesh\01_Static\StaticMesh.cpp" />
    <ClCompile Include="SourceCode\Resource\Mesh\02_Skin\SkinMesh.cpp" />
    <ClCompile Include="SourceCode\Resource\Mesh\02_Skin\SkinMeshParser.cpp" />
    <ClCompile Include="SourceCode\Resource\Mesh\MeshBase.cpp" />
    <ClCompile Include="SourceCode\stdafx.cpp" />
    <ClCompile Include="SourceCode\System\GameLoop\Loader.cpp" />
    <ClCompile Include="SourceCode\System\GameLoop\Main.cpp" />
    <ClCompile Include="SourceCode\System\GameLoop\WinMain.cpp" />
    <ClCompile Include="SourceCode\System\Singleton\BossAttackManager\BossAttackManager.cpp" />
    <ClCompile Include="SourceCode\System\Singleton\ResourceManager\ResourceManager.cpp" />
    <ClCompile Include="SourceCode\System\Singleton\ResourceManager\MeshManager\MeshManager.cpp" />
    <ClCompile Include="SourceCode\System\Singleton\ResourceManager\SpriteManager\SpriteManager.cpp" />
    <ClCompile Include="SourceCode\System\Singleton\SceneManager\SceneManager.cpp" />
    <ClCompile Include="SourceCode\System\Utility\Buffer\Buffer.cpp" />
    <ClCompile Include="SourceCode\System\Utility\DirectWrite\CustomFontCollectionLoader\CustomFontCollectionLoader.cpp" />
    <ClCompile Include="SourceCode\System\Utility\DirectWrite\CustomFontFileEnumerator\CustomFontFileEnumerator.cpp" />
    <ClCompile Include="SourceCode\System\Utility\DirectWrite\DirectWrite.cpp" />
    <ClCompile Include="SourceCode\System\Utility\FileManager\FileManager.cpp" />
    <ClCompile Include="SourceCode\System\Utility\Hash\Crc32Table\HashTable.cpp" />
    <ClCompile Include="SourceCode\System\Utility\String\String.cpp" />
    <ClCompile Include="SourceCode\System\Utility\Transform\RectTransform.cpp" />
    <ClCompile Include="SourceCode\System\Utility\Transform\Transform.cpp" />
    <ClCompile Include="SourceCode\Game\01_GameObject\00_MeshObject\00_Character\02_Boss\BossAttackStateBase\BossLaserState\BossLaserState.cpp" />
    <ClCompile Include="SourceCode\Game\01_GameObject\00_MeshObject\00_Character\01_Player\State\Root\01_Action\00_Movement\00_Idle\Idle.cpp" />
    <ClCompile Include="SourceCode\Game\01_GameObject\00_MeshObject\00_Character\01_Player\State\Root\01_Action\00_Movement\01_Run\Run.cpp" />
    <ClCompile Include="SourceCode\Game\01_GameObject\00_MeshObject\00_Character\01_Player\State\Root\01_Action\00_Movement\Movement.cpp" />
    <ClCompile Include="SourceCode\Game\01_GameObject\00_MeshObject\00_Character\01_Player\State\Root\01_Action\01_Combat\00_AttackCombo_0\AttackCombo_0.cpp" />
    <ClCompile Include="SourceCode\Game\01_GameObject\00_MeshObject\00_Character\01_Player\State\Root\01_Action\01_Combat\01_AttackCombo_1\AttackCombo_1.cpp" />
    <ClCompile Include="SourceCode\Game\01_GameObject\00_MeshObject\00_Character\01_Player\State\Root\01_Action\01_Combat\02_AttackCombo_2\AttackCombo_2.cpp" />
    <ClCompile Include="SourceCode\Game\01_GameObject\00_MeshObject\00_Character\01_Player\State\Root\01_Action\01_Combat\03_Parry\Parry.cpp" />
    <ClCompile Include="SourceCode\Game\01_GameObject\00_MeshObject\00_Character\01_Player\State\Root\01_Action\01_Combat\Combat.cpp" />
    <ClCompile Include="SourceCode\Game\01_GameObject\00_MeshObject\00_Character\01_Player\State\Root\01_Action\02_Dodge\00_DodgeExecute\DodgeExecute.cpp" />
    <ClCompile Include="SourceCode\Game\01_GameObject\00_MeshObject\00_Character\01_Player\State\Root\01_Action\02_Dodge\01_JustDodge\JustDodge.cpp" />
    <ClCompile Include="SourceCode\Game\01_GameObject\00_MeshObject\00_Character\01_Player\State\Root\01_Action\02_Dodge\Dodge.cpp" />
    <ClCompile Include="SourceCode\Game\01_GameObject\00_MeshObject\00_Character\01_Player\State\Root\01_Action\Action.cpp" />
    <ClCompile Include="SourceCode\Game\05_InputDevice\VirtualPad.cpp" />
    <ClCompile Include="SourceCode\System\Singleton\Debug\CollisionVisualizer\CollisionVisualizer.cpp" />
    <ClCompile Include="Data\ImGui\Library\imgui.cpp" />
    <ClCompile Include="Data\ImGui\Library\imgui_demo.cpp" />
    <ClCompile Include="Data\ImGui\Library\imgui_draw.cpp" />
    <ClCompile Include="Data\ImGui\Library\imgui_impl_dx11.cpp" />
    <ClCompile Include="Data\ImGui\Library\imgui_impl_win32.cpp" />
    <ClCompile Include="Data\ImGui\Library\imgui_tables.cpp" />
    <ClCompile Include="Data\ImGui\Library\imgui_widgets.cpp" />
    <ClCompile Include="SourceCode\System\Singleton\ImGui\CImGuiManager.cpp" />
    <ClCompile Include="SourceCode\Game\01_GameObject\00_MeshObject\00_Character\02_Boss\BossDeadState\BossDeadState.cpp" />
    <ClCompile Include="SourceCode\Game\01_GameObject\00_MeshObject\00_Character\02_Boss\BossAttackStateBase\BossThrowingState\BossThrowingState.cpp" />
    <ClCompile Include="SourceCode\Game\01_GameObject\00_MeshObject\03_SnowBall\SnowBall.cpp" />
    <ClCompile Include="SourceCode\Game\01_GameObject\00_MeshObject\00_Character\02_Boss\BossAttackStateBase\BossChargeState\BossChargeState.cpp" />
    <ClCompile Include="SourceCode\System\Singleton\CollisionDetector\CollisionDetector.cpp" />
    <ClCompile Include="SourceCode\Game\00_Scene\Ex_Test\03_UIEditor\UIEditor.cpp" />
    <ClCompile Include="SourceCode\Game\03_Collision\Sprite\SpriteCollider.cpp" />
    <ClCompile Include="SourceCode\Game\01_GameObject\02_UIObject\UIEnding\UIEnding.cpp" />
    <ClCompile Include="SourceCode\Game\01_GameObject\02_UIObject\UIGameOver\UIGameOver.cpp" />
    <ClCompile Include="SourceCode\Game\01_GameObject\02_UIObject\UILoader\UILoader.cpp" />
    <ClCompile Include="SourceCode\Game\01_GameObject\02_UIObject\UITitle\UITitle.cpp" />
    <ClCompile Include="SourceCode\Game\01_GameObject\02_UIObject\UIGameMain\UIGameMain.cpp" />
    <ClCompile Include="SourceCode\Game\02_Camera\LockOnCamera\LockOnCamera.cpp" />
    <ClCompile Include="SourceCode\Game\01_GameObject\00_MeshObject\00_Character\03_BackGround\BackGround.cpp" />
    <ClCompile Include="SourceCode\Game\00_Scene\Ex_Test\10_mattya3713_Parry\MattyaTestScene_Parry.cpp" />
    <ClCompile Include="SourceCode\Game\01_GameObject\02_UIObject\Select\Select.cpp" />
    <ClCompile Include="SourceCode\Resource\Effect\EffectResource.cpp" />
    <ClCompile Include="SourceCode\Resource\Sound\DirectSound.cpp" />
    <ClCompile Include="SourceCode\System\Singleton\ResourceManager\EffectManager\EffekseerManager.cpp" />
    <ClCompile Include="SourceCode\System\Singleton\ResourceManager\SoundManager\SoundManager.cpp" />
  </ItemGroup>
  <ItemGroup>
    <ClInclude Include="SourceCode\Constant.h" />
    <ClInclude Include="SourceCode\Game\00_Scene\00_Base\SceneBase.h" />
    <ClInclude Include="SourceCode\Game\00_Scene\01_Title\Title.h" />
    <ClInclude Include="SourceCode\Game\00_Scene\02_GameMain\GameMain.h" />
    <ClInclude Include="SourceCode\Game\00_Scene\03_GameOver\GameOver.h" />
    <ClInclude Include="SourceCode\Game\00_Scene\04_Ending\Ending.h" />
    <ClInclude Include="SourceCode\Game\00_Scene\Ex_Test\00_mattya3713\MattyaTestScene.h" />
    <ClInclude Include="SourceCode\Game\00_Scene\Ex_Test\01_memeu1101\MemeuTestScene.h" />
    <ClInclude Include="SourceCode\Game\00_Scene\Ex_Test\02_L\LTestScene.h" />
    <ClInclude Include="SourceCode\Game\01_GameObject\00_MeshObject\00_Character\00_Ground\Ground.h" />
    <ClInclude Include="SourceCode\Game\01_GameObject\00_MeshObject\00_Character\01_Player\State\PlayerStateID.h" />
    <ClInclude Include="SourceCode\Game\01_GameObject\00_MeshObject\00_Character\01_Player\State\Root\00_System\00_Pause\Pause.h" />
    <ClInclude Include="SourceCode\Game\01_GameObject\00_MeshObject\00_Character\01_Player\State\Root\00_System\01_KnockBack\KnockBack.h" />
    <ClInclude Include="SourceCode\Game\01_GameObject\00_MeshObject\00_Character\01_Player\State\Root\00_System\02_Dead\Dead.h" />
    <ClInclude Include="SourceCode\Game\01_GameObject\00_MeshObject\00_Character\01_Player\State\Root\00_System\System.h" />
    <ClInclude Include="SourceCode\Game\01_GameObject\00_MeshObject\00_Character\01_Player\State\Root\01_Action\00_Movement\00_Idle\Idle.h" />
    <ClInclude Include="SourceCode\Game\01_GameObject\00_MeshObject\00_Character\01_Player\State\Root\01_Action\00_Movement\01_Run\Run.h" />
    <ClInclude Include="SourceCode\Game\01_GameObject\00_MeshObject\00_Character\01_Player\State\Root\01_Action\00_Movement\Movement.h" />
    <ClInclude Include="SourceCode\Game\01_GameObject\00_MeshObject\00_Character\01_Player\State\Root\01_Action\01_Combat\00_AttackCombo_0\AttackCombo_0.h" />
    <ClInclude Include="SourceCode\Game\01_GameObject\00_MeshObject\00_Character\01_Player\State\Root\01_Action\01_Combat\01_AttackCombo_1\AttackCombo_1.h" />
    <ClInclude Include="SourceCode\Game\01_GameObject\00_MeshObject\00_Character\01_Player\State\Root\01_Action\01_Combat\02_AttackCombo_2\AttackCombo_2.h" />
    <ClInclude Include="SourceCode\Game\01_GameObject\00_MeshObject\00_Character\01_Player\State\Root\01_Action\01_Combat\03_Parry\Parry.h" />
    <ClInclude Include="SourceCode\Game\01_GameObject\00_MeshObject\00_Character\01_Player\State\Root\00_System\03_SpecialAttack\SpecialAttack.h" />
    <ClInclude Include="SourceCode\Game\01_GameObject\00_MeshObject\00_Character\01_Player\State\Root\01_Action\01_Combat\Combat.h" />
    <ClInclude Include="SourceCode\Game\01_GameObject\00_MeshObject\00_Character\01_Player\State\Root\01_Action\02_Dodge\00_DodgeExecute\DodgeExecute.h" />
    <ClInclude Include="SourceCode\Game\01_GameObject\00_MeshObject\00_Character\01_Player\State\Root\01_Action\02_Dodge\01_JustDodge\JustDodge.h" />
    <ClInclude Include="SourceCode\Game\01_GameObject\00_MeshObject\00_Character\01_Player\State\Root\01_Action\02_Dodge\Dodge.h" />
    <ClInclude Include="SourceCode\Game\01_GameObject\00_MeshObject\00_Character\01_Player\State\Root\01_Action\Action.h" />
    <ClInclude Include="SourceCode\Game\01_GameObject\00_MeshObject\00_Character\01_Player\State\Root\Root.h" />
    <ClInclude Include="SourceCode\Game\01_GameObject\00_MeshObject\00_Character\01_Player\Player.h" />
    <ClInclude Include="SourceCode\Game\01_GameObject\00_MeshObject\00_Character\01_Player\State\PlayerStateBase.h" />
    <ClInclude Include="SourceCode\Game\01_GameObject\00_MeshObject\00_Character\02_Boss\Boss.h" />
    <ClInclude Include="SourceCode\Game\01_GameObject\00_MeshObject\00_Character\02_Boss\BossAttackStateBase\BossAttackStateBase.h" />
    <ClInclude Include="SourceCode\Game\01_GameObject\00_MeshObject\00_Character\02_Boss\BossAttackStateBase\BossChargeSlashState\BossChargeSlashState.h" />
    <ClInclude Include="SourceCode\Game\01_GameObject\00_MeshObject\00_Character\02_Boss\BossAttackStateBase\BossShoutState\BossShoutState.h" />
    <ClInclude Include="SourceCode\Game\01_GameObject\00_MeshObject\00_Character\02_Boss\BossAttackStateBase\BossSlashState\BossSlashState.h" />
    <ClInclude Include="SourceCode\Game\01_GameObject\00_MeshObject\00_Character\02_Boss\BossAttackStateBase\BossSpecialState\BossSpecialState.h" />
    <ClInclude Include="SourceCode\Game\01_GameObject\00_MeshObject\00_Character\02_Boss\BossAttackStateBase\BossStompState\BossStompState.h" />
    <ClInclude Include="SourceCode\Game\01_GameObject\00_MeshObject\00_Character\02_Boss\BossIdolState\BossIdolState.h" />
    <ClInclude Include="SourceCode\Game\01_GameObject\00_MeshObject\00_Character\02_Boss\BossMoveState\BossMoveState.h" />
    <ClInclude Include="SourceCode\Game\01_GameObject\00_MeshObject\00_Character\Character.h" />
    <ClInclude Include="SourceCode\Game\01_GameObject\00_MeshObject\MeshObject.h" />
    <ClInclude Include="SourceCode\Game\01_GameObject\01_SpriteObject\CSpriteObject.h" />
    <ClInclude Include="SourceCode\Game\01_GameObject\02_UIObject\Fade\Fade.h" />
    <ClInclude Include="SourceCode\Game\01_GameObject\02_UIObject\Fade\FadeManager.h" />
    <ClInclude Include="SourceCode\Game\01_GameObject\02_UIObject\UIObject.h" />
    <ClInclude Include="SourceCode\Game\01_GameObject\02_UIObject\UIObjectManager.h" />
    <ClInclude Include="SourceCode\Game\01_GameObject\GameObject.h" />
    <ClInclude Include="SourceCode\Game\02_Camera\CameraBase.h" />
    <ClInclude Include="SourceCode\System\Singleton\CameraManager\CameraManager.h" />
    <ClInclude Include="SourceCode\Game\02_Camera\ThirdPersonCamera\ThirdPersonCamera.h" />
    <ClInclude Include="SourceCode\Game\03_Collision\00_Core\00_Box\BoxCollider.h" />
    <ClInclude Include="SourceCode\Game\03_Collision\00_Core\01_Capsule\CapsuleCollider.h" />
    <ClInclude Include="SourceCode\Game\03_Collision\00_Core\ColliderBase.h" />
    <ClInclude Include="SourceCode\Game\03_Collision\00_Core\02_Sphere\SphereCollider.h" />
    <ClInclude Include="SourceCode\Game\04_Time\Time.h" />
    <ClInclude Include="SourceCode\Game\05_InputDevice\Input.h" />
    <ClInclude Include="SourceCode\Game\05_InputDevice\KeyInput\KeyInput.h" />
    <ClInclude Include="SourceCode\Game\05_InputDevice\Mouse\Mouse.h" />
    <ClInclude Include="SourceCode\Game\05_InputDevice\XInput\XInput.h" />
    <ClInclude Include="SourceCode\Global.h" />
    <ClInclude Include="SourceCode\Graphic\DepthStencilView\DepthStencilView.h" />
    <ClInclude Include="SourceCode\Graphic\DirectX\DirectX11\DirectX11.h" />
    <ClInclude Include="SourceCode\Graphic\DirectX\DirectX12\DirectX12.h" />
    <ClInclude Include="SourceCode\Graphic\DirectX\DirectX9\DirectX9.h" />
    <ClInclude Include="SourceCode\Graphic\Light\DirectionLight\DirectionLight.h" />
    <ClInclude Include="SourceCode\Graphic\Light\LightManager.h" />
    <ClInclude Include="SourceCode\Graphic\RenderTargetView\RenderTargetView.h" />
    <ClInclude Include="SourceCode\Graphic\RenderTarget\RenderTarget.h" />
    <ClInclude Include="SourceCode\Graphic\RenderTarget\RenderTargetManager.h" />
    <ClInclude Include="SourceCode\Graphic\ShaderResourceView\ShaderResourceView.h" />
    <ClInclude Include="SourceCode\Graphic\Shader\Base\PixelShaderBase.h" />
    <ClInclude Include="SourceCode\Graphic\Shader\Base\ShaderBase.h" />
    <ClInclude Include="SourceCode\Graphic\Shader\Base\VertexShaderBase.h" />
    <ClInclude Include="SourceCode\Graphic\Shader\ShaderCompile.h" />
    <ClInclude Include="SourceCode\Graphic\Shader\ShaderResource.h" />
    <ClInclude Include="SourceCode\Graphic\Shader\ShadowMapSkinMesh\VSShadowMapSkinMesh.h" />
    <ClInclude Include="SourceCode\Graphic\Shader\ShadowMapStaticMesh\VSShadowMapStaticMesh.h" />
    <ClInclude Include="SourceCode\Graphic\Shadow\Shadow.h" />
    <ClInclude Include="SourceCode\Graphic\Texture\Texture.h" />
    <ClInclude Include="SourceCode\Macro.h" />
    <ClInclude Include="SourceCode\Resource\Mesh\00_Sprite\Sprite3D\Sprite3D.h" />
    <ClInclude Include="SourceCode\Resource\Mesh\00_Sprite\UISprite\UISprite.h" />
    <ClInclude Include="SourceCode\Resource\Mesh\01_Static\StaticMesh.h" />
    <ClInclude Include="SourceCode\Resource\Mesh\02_Skin\SkinMesh.h" />
    <ClInclude Include="SourceCode\Resource\Mesh\02_Skin\SkinMeshParser.h" />
    <ClInclude Include="SourceCode\Resource\Mesh\MeshBase.h" />
    <ClInclude Include="SourceCode\stdafx.h" />
    <ClInclude Include="SourceCode\System\GameLoop\Loader.h" />
    <ClInclude Include="SourceCode\System\GameLoop\Main.h" />
    <ClInclude Include="SourceCode\System\Singleton\BossAttackManager\BossAttackManager.h" />
    <ClInclude Include="SourceCode\System\Singleton\ResourceManager\ResourceManager.h" />
    <ClInclude Include="SourceCode\System\Singleton\ResourceManager\MeshManager\MeshManager.h" />
    <ClInclude Include="SourceCode\System\Singleton\ResourceManager\SpriteManager\SpriteManager.h" />
    <ClInclude Include="SourceCode\System\Singleton\SceneManager\SceneManager.h" />
    <ClInclude Include="SourceCode\System\Utility\Buffer\Any.h" />
    <ClInclude Include="SourceCode\System\Utility\Buffer\Buffer.h" />
    <ClInclude Include="SourceCode\System\Utility\ComPtr\ComPtr.h" />
    <ClInclude Include="SourceCode\System\Utility\CustomSTL\pair\Pair.h" />
    <ClInclude Include="SourceCode\System\Utility\DirectWrite\CustomFontCollectionLoader\CustomFontCollectionLoader.h" />
    <ClInclude Include="SourceCode\System\Utility\DirectWrite\CustomFontFileEnumerator\CustomFontFileEnumerator.h" />
    <ClInclude Include="SourceCode\System\Utility\DirectWrite\DirectWrite.h" />
    <ClInclude Include="SourceCode\System\Utility\FileManager\FileManager.h" />
    <ClInclude Include="SourceCode\System\Utility\Hash\CHash.h" />
    <ClInclude Include="SourceCode\System\Utility\Hash\Crc32Table\HashTable.h" />
    <ClInclude Include="SourceCode\System\Utility\Math\Easing\Easing.h" />
    <ClInclude Include="SourceCode\System\Utility\Math\Math.h" />
    <ClInclude Include="SourceCode\System\Utility\Math\Random\Random.h" />
    <ClInclude Include="SourceCode\System\Utility\SingleTrigger\SingleTrigger.h" />
    <ClInclude Include="SourceCode\System\Utility\StateMachine\StateBase.h" />
    <ClInclude Include="SourceCode\System\Utility\StateMachine\StateMachine.h" />
    <ClInclude Include="SourceCode\System\Utility\String\FilePath\FilePath.h" />
    <ClInclude Include="SourceCode\System\Utility\String\String.h" />
    <ClInclude Include="SourceCode\System\Utility\Transform\RectTransform.h" />
    <ClInclude Include="SourceCode\System\Utility\Transform\Transform.h" />
    <ClInclude Include="SourceCode\Game\01_GameObject\00_MeshObject\00_Character\02_Boss\BossAttackStateBase\BossLaserState\BossLaserState.h" />
    <ClInclude Include="SourceCode\Game\02_Camera\ThirdPersonCamera\PlayerThirdPersonCamera.h" />
    <ClInclude Include="SourceCode\Game\05_InputDevice\VirtualPad.h" />
    <ClInclude Include="SourceCode\System\Singleton\Debug\CollisionVisualizer\CollisionVisualizer.h" />
    <ClInclude Include="SourceCode\System\Singleton\SingletonTemplate.h" />
    <ClInclude Include="SourceCode\System\Singleton\Debug\Log\DebugLog.h" />
    <ClInclude Include="Data\ImGui\Library\imconfig.h" />
    <ClInclude Include="Data\ImGui\Library\imgui.h" />
    <ClInclude Include="Data\ImGui\Library\imgui_impl_dx11.h" />
    <ClInclude Include="Data\ImGui\Library\imgui_impl_win32.h" />
    <ClInclude Include="Data\ImGui\Library\imgui_internal.h" />
    <ClInclude Include="Data\ImGui\Library\imstb_rectpack.h" />
    <ClInclude Include="Data\ImGui\Library\imstb_textedit.h" />
    <ClInclude Include="Data\ImGui\Library\imstb_truetype.h" />
    <ClInclude Include="SourceCode\System\Singleton\ImGui\CImGuiManager.h" />
    <ClInclude Include="SourceCode\Game\01_GameObject\00_MeshObject\00_Character\02_Boss\BossDeadState\BossDeadState.h" />
    <ClInclude Include="SourceCode\Game\01_GameObject\00_MeshObject\00_Character\02_Boss\BossAttackStateBase\BossThrowingState\BossThrowingState.h" />
    <ClInclude Include="SourceCode\Game\01_GameObject\00_MeshObject\03_SnowBall\SnowBall.h" />
    <ClInclude Include="SourceCode\Game\01_GameObject\00_MeshObject\00_Character\02_Boss\BossAttackStateBase\BossChargeState\BossChargeState.h" />
    <ClInclude Include="SourceCode\Game\03_Collision\CollisionInfo.h" />
    <ClInclude Include="SourceCode\System\Singleton\CollisionDetector\CollisionDetector.h" />
    <ClInclude Include="SourceCode\Game\00_Scene\Ex_Test\03_UIEditor\UIEditor.h" />
    <ClInclude Include="SourceCode\Game\03_Collision\00_Core\CollisionInfo.h" />
    <ClInclude Include="SourceCode\Game\03_Collision\00_Core\Ex_CompositeCollider\CompositeCollider.h" />
    <ClInclude Include="SourceCode\System\Utility\EnumFlags\EnumFlags.h" />
    <ClInclude Include="SourceCode\Game\03_Collision\Sprite\SpriteCollider.h" />
    <ClInclude Include="SourceCode\Game\01_GameObject\02_UIObject\UIGameMain\UIGameMain.h" />
    <ClInclude Include="SourceCode\Game\02_Camera\LockOnCamera\LockOnCamera.h" />
    <ClInclude Include="SourceCode\Game\01_GameObject\00_MeshObject\00_Character\03_BackGround\BackGround.h" />
    <ClInclude Include="SourceCode\Game\00_Scene\Ex_Test\10_mattya3713_Parry\MattyaTestScene_Parry.h" />
    <ClInclude Include="SourceCode\Game\01_GameObject\02_UIObject\Select\Select.h" />
    <ClInclude Include="SourceCode\Resource\Effect\EffectResource.h" />
    <ClInclude Include="SourceCode\Resource\Sound\DirectSound.h" />
    <ClInclude Include="SourceCode\System\Singleton\ResourceManager\EffectManager\EffekseerManager.h" />
    <ClInclude Include="SourceCode\System\Singleton\ResourceManager\SoundManager\SoundManager.h" />
  </ItemGroup>
  <ItemGroup>
    <None Include="Data\Shader\PMX\Header.hlsli" />
    <None Include="SourceCode\System\Utility\Assert\Assert.inl" />
    <None Include="SourceCode\System\Utility\Math\Easing\Easing.inl" />
    <None Include="SourceCode\System\Utility\Math\Math.inl" />
    <None Include="SourceCode\System\Utility\String\FilePath\FilePath.inl" />
    <None Include="SourceCode\Resource\Effect\git認識用フォルダ" />
    <None Include="tools\add_author_header.py" />
  </ItemGroup>
  <ItemGroup>
    <Font Include="Data\ImGui\Font\arial.ttf" />
    <Font Include="Data\ImGui\Font\arialbd.ttf" />
    <Font Include="Data\ImGui\Font\arialbi.ttf" />
    <Font Include="Data\ImGui\Font\ariali.ttf" />
    <Font Include="Data\ImGui\Font\ariblk.ttf" />
    <Font Include="Data\ImGui\Font\NotoSansJP-SemiBold.ttf" />
  </ItemGroup>
</Project>